// !$*UTF8*$!
{
	archiveVersion = 1;
	classes = {
	};
	objectVersion = 50;
	objects = {

/* Begin PBXBuildFile section */
		A9788B1825E4683600795B2C /* AppDelegate.swift in Sources */ = {isa = PBXBuildFile; fileRef = A9788B1725E4683600795B2C /* AppDelegate.swift */; };
		A9788B1A25E4683600795B2C /* SceneDelegate.swift in Sources */ = {isa = PBXBuildFile; fileRef = A9788B1925E4683600795B2C /* SceneDelegate.swift */; };
		A9788B1C25E4683600795B2C /* ViewController.swift in Sources */ = {isa = PBXBuildFile; fileRef = A9788B1B25E4683600795B2C /* ViewController.swift */; };
		A9788B1F25E4683600795B2C /* Main.storyboard in Resources */ = {isa = PBXBuildFile; fileRef = A9788B1D25E4683600795B2C /* Main.storyboard */; };
		A9788B2125E4683600795B2C /* Assets.xcassets in Resources */ = {isa = PBXBuildFile; fileRef = A9788B2025E4683600795B2C /* Assets.xcassets */; };
		A9788B2425E4683600795B2C /* LaunchScreen.storyboard in Resources */ = {isa = PBXBuildFile; fileRef = A9788B2225E4683600795B2C /* LaunchScreen.storyboard */; };
		A9788B2F25E4683700795B2C /* FlashcardsTests.swift in Sources */ = {isa = PBXBuildFile; fileRef = A9788B2E25E4683700795B2C /* FlashcardsTests.swift */; };
		A9788B3A25E4683700795B2C /* FlashcardsUITests.swift in Sources */ = {isa = PBXBuildFile; fileRef = A9788B3925E4683700795B2C /* FlashcardsUITests.swift */; };
		A9B9154725F6EEFB00B8DE50 /* CreationViewController.swift in Sources */ = {isa = PBXBuildFile; fileRef = A9B9154625F6EEFB00B8DE50 /* CreationViewController.swift */; };
/* End PBXBuildFile section */

/* Begin PBXContainerItemProxy section */
		A9788B2B25E4683700795B2C /* PBXContainerItemProxy */ = {
			isa = PBXContainerItemProxy;
			containerPortal = A9788B0C25E4683600795B2C /* Project object */;
			proxyType = 1;
			remoteGlobalIDString = A9788B1325E4683600795B2C;
			remoteInfo = Flashcards;
		};
		A9788B3625E4683700795B2C /* PBXContainerItemProxy */ = {
			isa = PBXContainerItemProxy;
			containerPortal = A9788B0C25E4683600795B2C /* Project object */;
			proxyType = 1;
			remoteGlobalIDString = A9788B1325E4683600795B2C;
			remoteInfo = Flashcards;
		};
/* End PBXContainerItemProxy section */

/* Begin PBXFileReference section */
		A9788B1425E4683600795B2C /* Flashcards.app */ = {isa = PBXFileReference; explicitFileType = wrapper.application; includeInIndex = 0; path = Flashcards.app; sourceTree = BUILT_PRODUCTS_DIR; };
		A9788B1725E4683600795B2C /* AppDelegate.swift */ = {isa = PBXFileReference; lastKnownFileType = sourcecode.swift; path = AppDelegate.swift; sourceTree = "<group>"; };
		A9788B1925E4683600795B2C /* SceneDelegate.swift */ = {isa = PBXFileReference; lastKnownFileType = sourcecode.swift; path = SceneDelegate.swift; sourceTree = "<group>"; };
		A9788B1B25E4683600795B2C /* ViewController.swift */ = {isa = PBXFileReference; lastKnownFileType = sourcecode.swift; path = ViewController.swift; sourceTree = "<group>"; };
		A9788B1E25E4683600795B2C /* Base */ = {isa = PBXFileReference; lastKnownFileType = file.storyboard; name = Base; path = Base.lproj/Main.storyboard; sourceTree = "<group>"; };
		A9788B2025E4683600795B2C /* Assets.xcassets */ = {isa = PBXFileReference; lastKnownFileType = folder.assetcatalog; path = Assets.xcassets; sourceTree = "<group>"; };
		A9788B2325E4683600795B2C /* Base */ = {isa = PBXFileReference; lastKnownFileType = file.storyboard; name = Base; path = Base.lproj/LaunchScreen.storyboard; sourceTree = "<group>"; };
		A9788B2525E4683600795B2C /* Info.plist */ = {isa = PBXFileReference; lastKnownFileType = text.plist.xml; path = Info.plist; sourceTree = "<group>"; };
		A9788B2A25E4683700795B2C /* FlashcardsTests.xctest */ = {isa = PBXFileReference; explicitFileType = wrapper.cfbundle; includeInIndex = 0; path = FlashcardsTests.xctest; sourceTree = BUILT_PRODUCTS_DIR; };
		A9788B2E25E4683700795B2C /* FlashcardsTests.swift */ = {isa = PBXFileReference; lastKnownFileType = sourcecode.swift; path = FlashcardsTests.swift; sourceTree = "<group>"; };
		A9788B3025E4683700795B2C /* Info.plist */ = {isa = PBXFileReference; lastKnownFileType = text.plist.xml; path = Info.plist; sourceTree = "<group>"; };
		A9788B3525E4683700795B2C /* FlashcardsUITests.xctest */ = {isa = PBXFileReference; explicitFileType = wrapper.cfbundle; includeInIndex = 0; path = FlashcardsUITests.xctest; sourceTree = BUILT_PRODUCTS_DIR; };
		A9788B3925E4683700795B2C /* FlashcardsUITests.swift */ = {isa = PBXFileReference; lastKnownFileType = sourcecode.swift; path = FlashcardsUITests.swift; sourceTree = "<group>"; };
		A9788B3B25E4683700795B2C /* Info.plist */ = {isa = PBXFileReference; lastKnownFileType = text.plist.xml; path = Info.plist; sourceTree = "<group>"; };
		A9B9154625F6EEFB00B8DE50 /* CreationViewController.swift */ = {isa = PBXFileReference; lastKnownFileType = sourcecode.swift; path = CreationViewController.swift; sourceTree = "<group>"; };
/* End PBXFileReference section */

/* Begin PBXFrameworksBuildPhase section */
		A9788B1125E4683600795B2C /* Frameworks */ = {
			isa = PBXFrameworksBuildPhase;
			buildActionMask = 2147483647;
			files = (
			);
			runOnlyForDeploymentPostprocessing = 0;
		};
		A9788B2725E4683700795B2C /* Frameworks */ = {
			isa = PBXFrameworksBuildPhase;
			buildActionMask = 2147483647;
			files = (
			);
			runOnlyForDeploymentPostprocessing = 0;
		};
		A9788B3225E4683700795B2C /* Frameworks */ = {
			isa = PBXFrameworksBuildPhase;
			buildActionMask = 2147483647;
			files = (
			);
			runOnlyForDeploymentPostprocessing = 0;
		};
/* End PBXFrameworksBuildPhase section */

/* Begin PBXGroup section */
		A9788B0B25E4683600795B2C = {
			isa = PBXGroup;
			children = (
				A9788B1625E4683600795B2C /* Flashcards */,
				A9788B2D25E4683700795B2C /* FlashcardsTests */,
				A9788B3825E4683700795B2C /* FlashcardsUITests */,
				A9788B1525E4683600795B2C /* Products */,
			);
			sourceTree = "<group>";
		};
		A9788B1525E4683600795B2C /* Products */ = {
			isa = PBXGroup;
			children = (
				A9788B1425E4683600795B2C /* Flashcards.app */,
				A9788B2A25E4683700795B2C /* FlashcardsTests.xctest */,
				A9788B3525E4683700795B2C /* FlashcardsUITests.xctest */,
			);
			name = Products;
			sourceTree = "<group>";
		};
		A9788B1625E4683600795B2C /* Flashcards */ = {
			isa = PBXGroup;
			children = (
				A9788B1725E4683600795B2C /* AppDelegate.swift */,
				A9788B1925E4683600795B2C /* SceneDelegate.swift */,
				A9788B1B25E4683600795B2C /* ViewController.swift */,
				A9788B1D25E4683600795B2C /* Main.storyboard */,
				A9B9154625F6EEFB00B8DE50 /* CreationViewController.swift */,
				A9788B2025E4683600795B2C /* Assets.xcassets */,
				A9788B2225E4683600795B2C /* LaunchScreen.storyboard */,
				A9788B2525E4683600795B2C /* Info.plist */,
			);
			path = Flashcards;
			sourceTree = "<group>";
		};
		A9788B2D25E4683700795B2C /* FlashcardsTests */ = {
			isa = PBXGroup;
			children = (
				A9788B2E25E4683700795B2C /* FlashcardsTests.swift */,
				A9788B3025E4683700795B2C /* Info.plist */,
			);
			path = FlashcardsTests;
			sourceTree = "<group>";
		};
		A9788B3825E4683700795B2C /* FlashcardsUITests */ = {
			isa = PBXGroup;
			children = (
				A9788B3925E4683700795B2C /* FlashcardsUITests.swift */,
				A9788B3B25E4683700795B2C /* Info.plist */,
			);
			path = FlashcardsUITests;
			sourceTree = "<group>";
		};
/* End PBXGroup section */

/* Begin PBXNativeTarget section */
		A9788B1325E4683600795B2C /* Flashcards */ = {
			isa = PBXNativeTarget;
			buildConfigurationList = A9788B3E25E4683700795B2C /* Build configuration list for PBXNativeTarget "Flashcards" */;
			buildPhases = (
				A9788B1025E4683600795B2C /* Sources */,
				A9788B1125E4683600795B2C /* Frameworks */,
				A9788B1225E4683600795B2C /* Resources */,
			);
			buildRules = (
			);
			dependencies = (
			);
			name = Flashcards;
			productName = Flashcards;
			productReference = A9788B1425E4683600795B2C /* Flashcards.app */;
			productType = "com.apple.product-type.application";
		};
		A9788B2925E4683700795B2C /* FlashcardsTests */ = {
			isa = PBXNativeTarget;
			buildConfigurationList = A9788B4125E4683700795B2C /* Build configuration list for PBXNativeTarget "FlashcardsTests" */;
			buildPhases = (
				A9788B2625E4683700795B2C /* Sources */,
				A9788B2725E4683700795B2C /* Frameworks */,
				A9788B2825E4683700795B2C /* Resources */,
			);
			buildRules = (
			);
			dependencies = (
				A9788B2C25E4683700795B2C /* PBXTargetDependency */,
			);
			name = FlashcardsTests;
			productName = FlashcardsTests;
			productReference = A9788B2A25E4683700795B2C /* FlashcardsTests.xctest */;
			productType = "com.apple.product-type.bundle.unit-test";
		};
		A9788B3425E4683700795B2C /* FlashcardsUITests */ = {
			isa = PBXNativeTarget;
			buildConfigurationList = A9788B4425E4683700795B2C /* Build configuration list for PBXNativeTarget "FlashcardsUITests" */;
			buildPhases = (
				A9788B3125E4683700795B2C /* Sources */,
				A9788B3225E4683700795B2C /* Frameworks */,
				A9788B3325E4683700795B2C /* Resources */,
			);
			buildRules = (
			);
			dependencies = (
				A9788B3725E4683700795B2C /* PBXTargetDependency */,
			);
			name = FlashcardsUITests;
			productName = FlashcardsUITests;
			productReference = A9788B3525E4683700795B2C /* FlashcardsUITests.xctest */;
			productType = "com.apple.product-type.bundle.ui-testing";
		};
/* End PBXNativeTarget section */

/* Begin PBXProject section */
		A9788B0C25E4683600795B2C /* Project object */ = {
			isa = PBXProject;
			attributes = {
				LastSwiftUpdateCheck = 1230;
				LastUpgradeCheck = 1230;
				TargetAttributes = {
					A9788B1325E4683600795B2C = {
						CreatedOnToolsVersion = 12.3;
					};
					A9788B2925E4683700795B2C = {
						CreatedOnToolsVersion = 12.3;
						TestTargetID = A9788B1325E4683600795B2C;
					};
					A9788B3425E4683700795B2C = {
						CreatedOnToolsVersion = 12.3;
						TestTargetID = A9788B1325E4683600795B2C;
					};
				};
			};
			buildConfigurationList = A9788B0F25E4683600795B2C /* Build configuration list for PBXProject "Flashcards" */;
			compatibilityVersion = "Xcode 9.3";
			developmentRegion = en;
			hasScannedForEncodings = 0;
			knownRegions = (
				en,
				Base,
			);
			mainGroup = A9788B0B25E4683600795B2C;
			productRefGroup = A9788B1525E4683600795B2C /* Products */;
			projectDirPath = "";
			projectRoot = "";
			targets = (
				A9788B1325E4683600795B2C /* Flashcards */,
				A9788B2925E4683700795B2C /* FlashcardsTests */,
				A9788B3425E4683700795B2C /* FlashcardsUITests */,
			);
		};
/* End PBXProject section */

/* Begin PBXResourcesBuildPhase section */
		A9788B1225E4683600795B2C /* Resources */ = {
			isa = PBXResourcesBuildPhase;
			buildActionMask = 2147483647;
			files = (
				A9788B2425E4683600795B2C /* LaunchScreen.storyboard in Resources */,
				A9788B2125E4683600795B2C /* Assets.xcassets in Resources */,
				A9788B1F25E4683600795B2C /* Main.storyboard in Resources */,
			);
			runOnlyForDeploymentPostprocessing = 0;
		};
		A9788B2825E4683700795B2C /* Resources */ = {
			isa = PBXResourcesBuildPhase;
			buildActionMask = 2147483647;
			files = (
			);
			runOnlyForDeploymentPostprocessing = 0;
		};
		A9788B3325E4683700795B2C /* Resources */ = {
			isa = PBXResourcesBuildPhase;
			buildActionMask = 2147483647;
			files = (
			);
			runOnlyForDeploymentPostprocessing = 0;
		};
/* End PBXResourcesBuildPhase section */

/* Begin PBXSourcesBuildPhase section */
		A9788B1025E4683600795B2C /* Sources */ = {
			isa = PBXSourcesBuildPhase;
			buildActionMask = 2147483647;
			files = (
				A9788B1C25E4683600795B2C /* ViewController.swift in Sources */,
				A9788B1825E4683600795B2C /* AppDelegate.swift in Sources */,
				A9788B1A25E4683600795B2C /* SceneDelegate.swift in Sources */,
				A9B9154725F6EEFB00B8DE50 /* CreationViewController.swift in Sources */,
			);
			runOnlyForDeploymentPostprocessing = 0;
		};
		A9788B2625E4683700795B2C /* Sources */ = {
			isa = PBXSourcesBuildPhase;
			buildActionMask = 2147483647;
			files = (
				A9788B2F25E4683700795B2C /* FlashcardsTests.swift in Sources */,
			);
			runOnlyForDeploymentPostprocessing = 0;
		};
		A9788B3125E4683700795B2C /* Sources */ = {
			isa = PBXSourcesBuildPhase;
			buildActionMask = 2147483647;
			files = (
				A9788B3A25E4683700795B2C /* FlashcardsUITests.swift in Sources */,
			);
			runOnlyForDeploymentPostprocessing = 0;
		};
/* End PBXSourcesBuildPhase section */

/* Begin PBXTargetDependency section */
		A9788B2C25E4683700795B2C /* PBXTargetDependency */ = {
			isa = PBXTargetDependency;
			target = A9788B1325E4683600795B2C /* Flashcards */;
			targetProxy = A9788B2B25E4683700795B2C /* PBXContainerItemProxy */;
		};
		A9788B3725E4683700795B2C /* PBXTargetDependency */ = {
			isa = PBXTargetDependency;
			target = A9788B1325E4683600795B2C /* Flashcards */;
			targetProxy = A9788B3625E4683700795B2C /* PBXContainerItemProxy */;
		};
/* End PBXTargetDependency section */

/* Begin PBXVariantGroup section */
		A9788B1D25E4683600795B2C /* Main.storyboard */ = {
			isa = PBXVariantGroup;
			children = (
				A9788B1E25E4683600795B2C /* Base */,
			);
			name = Main.storyboard;
			sourceTree = "<group>";
		};
		A9788B2225E4683600795B2C /* LaunchScreen.storyboard */ = {
			isa = PBXVariantGroup;
			children = (
				A9788B2325E4683600795B2C /* Base */,
			);
			name = LaunchScreen.storyboard;
			sourceTree = "<group>";
		};
/* End PBXVariantGroup section */

/* Begin XCBuildConfiguration section */
		A9788B3C25E4683700795B2C /* Debug */ = {
			isa = XCBuildConfiguration;
			buildSettings = {
				ALWAYS_SEARCH_USER_PATHS = NO;
				CLANG_ANALYZER_NONNULL = YES;
				CLANG_ANALYZER_NUMBER_OBJECT_CONVERSION = YES_AGGRESSIVE;
				CLANG_CXX_LANGUAGE_STANDARD = "gnu++14";
				CLANG_CXX_LIBRARY = "libc++";
				CLANG_ENABLE_MODULES = YES;
				CLANG_ENABLE_OBJC_ARC = YES;
				CLANG_ENABLE_OBJC_WEAK = YES;
				CLANG_WARN_BLOCK_CAPTURE_AUTORELEASING = YES;
				CLANG_WARN_BOOL_CONVERSION = YES;
				CLANG_WARN_COMMA = YES;
				CLANG_WARN_CONSTANT_CONVERSION = YES;
				CLANG_WARN_DEPRECATED_OBJC_IMPLEMENTATIONS = YES;
				CLANG_WARN_DIRECT_OBJC_ISA_USAGE = YES_ERROR;
				CLANG_WARN_DOCUMENTATION_COMMENTS = YES;
				CLANG_WARN_EMPTY_BODY = YES;
				CLANG_WARN_ENUM_CONVERSION = YES;
				CLANG_WARN_INFINITE_RECURSION = YES;
				CLANG_WARN_INT_CONVERSION = YES;
				CLANG_WARN_NON_LITERAL_NULL_CONVERSION = YES;
				CLANG_WARN_OBJC_IMPLICIT_RETAIN_SELF = YES;
				CLANG_WARN_OBJC_LITERAL_CONVERSION = YES;
				CLANG_WARN_OBJC_ROOT_CLASS = YES_ERROR;
				CLANG_WARN_QUOTED_INCLUDE_IN_FRAMEWORK_HEADER = YES;
				CLANG_WARN_RANGE_LOOP_ANALYSIS = YES;
				CLANG_WARN_STRICT_PROTOTYPES = YES;
				CLANG_WARN_SUSPICIOUS_MOVE = YES;
				CLANG_WARN_UNGUARDED_AVAILABILITY = YES_AGGRESSIVE;
				CLANG_WARN_UNREACHABLE_CODE = YES;
				CLANG_WARN__DUPLICATE_METHOD_MATCH = YES;
				COPY_PHASE_STRIP = NO;
				DEBUG_INFORMATION_FORMAT = dwarf;
				ENABLE_STRICT_OBJC_MSGSEND = YES;
				ENABLE_TESTABILITY = YES;
				GCC_C_LANGUAGE_STANDARD = gnu11;
				GCC_DYNAMIC_NO_PIC = NO;
				GCC_NO_COMMON_BLOCKS = YES;
				GCC_OPTIMIZATION_LEVEL = 0;
				GCC_PREPROCESSOR_DEFINITIONS = (
					"DEBUG=1",
					"$(inherited)",
				);
				GCC_WARN_64_TO_32_BIT_CONVERSION = YES;
				GCC_WARN_ABOUT_RETURN_TYPE = YES_ERROR;
				GCC_WARN_UNDECLARED_SELECTOR = YES;
				GCC_WARN_UNINITIALIZED_AUTOS = YES_AGGRESSIVE;
				GCC_WARN_UNUSED_FUNCTION = YES;
				GCC_WARN_UNUSED_VARIABLE = YES;
				IPHONEOS_DEPLOYMENT_TARGET = 14.3;
				MTL_ENABLE_DEBUG_INFO = INCLUDE_SOURCE;
				MTL_FAST_MATH = YES;
				ONLY_ACTIVE_ARCH = YES;
				SDKROOT = iphoneos;
				SWIFT_ACTIVE_COMPILATION_CONDITIONS = DEBUG;
				SWIFT_OPTIMIZATION_LEVEL = "-Onone";
			};
			name = Debug;
		};
		A9788B3D25E4683700795B2C /* Release */ = {
			isa = XCBuildConfiguration;
			buildSettings = {
				ALWAYS_SEARCH_USER_PATHS = NO;
				CLANG_ANALYZER_NONNULL = YES;
				CLANG_ANALYZER_NUMBER_OBJECT_CONVERSION = YES_AGGRESSIVE;
				CLANG_CXX_LANGUAGE_STANDARD = "gnu++14";
				CLANG_CXX_LIBRARY = "libc++";
				CLANG_ENABLE_MODULES = YES;
				CLANG_ENABLE_OBJC_ARC = YES;
				CLANG_ENABLE_OBJC_WEAK = YES;
				CLANG_WARN_BLOCK_CAPTURE_AUTORELEASING = YES;
				CLANG_WARN_BOOL_CONVERSION = YES;
				CLANG_WARN_COMMA = YES;
				CLANG_WARN_CONSTANT_CONVERSION = YES;
				CLANG_WARN_DEPRECATED_OBJC_IMPLEMENTATIONS = YES;
				CLANG_WARN_DIRECT_OBJC_ISA_USAGE = YES_ERROR;
				CLANG_WARN_DOCUMENTATION_COMMENTS = YES;
				CLANG_WARN_EMPTY_BODY = YES;
				CLANG_WARN_ENUM_CONVERSION = YES;
				CLANG_WARN_INFINITE_RECURSION = YES;
				CLANG_WARN_INT_CONVERSION = YES;
				CLANG_WARN_NON_LITERAL_NULL_CONVERSION = YES;
				CLANG_WARN_OBJC_IMPLICIT_RETAIN_SELF = YES;
				CLANG_WARN_OBJC_LITERAL_CONVERSION = YES;
				CLANG_WARN_OBJC_ROOT_CLASS = YES_ERROR;
				CLANG_WARN_QUOTED_INCLUDE_IN_FRAMEWORK_HEADER = YES;
				CLANG_WARN_RANGE_LOOP_ANALYSIS = YES;
				CLANG_WARN_STRICT_PROTOTYPES = YES;
				CLANG_WARN_SUSPICIOUS_MOVE = YES;
				CLANG_WARN_UNGUARDED_AVAILABILITY = YES_AGGRESSIVE;
				CLANG_WARN_UNREACHABLE_CODE = YES;
				CLANG_WARN__DUPLICATE_METHOD_MATCH = YES;
				COPY_PHASE_STRIP = NO;
				DEBUG_INFORMATION_FORMAT = "dwarf-with-dsym";
				ENABLE_NS_ASSERTIONS = NO;
				ENABLE_STRICT_OBJC_MSGSEND = YES;
				GCC_C_LANGUAGE_STANDARD = gnu11;
				GCC_NO_COMMON_BLOCKS = YES;
				GCC_WARN_64_TO_32_BIT_CONVERSION = YES;
				GCC_WARN_ABOUT_RETURN_TYPE = YES_ERROR;
				GCC_WARN_UNDECLARED_SELECTOR = YES;
				GCC_WARN_UNINITIALIZED_AUTOS = YES_AGGRESSIVE;
				GCC_WARN_UNUSED_FUNCTION = YES;
				GCC_WARN_UNUSED_VARIABLE = YES;
				IPHONEOS_DEPLOYMENT_TARGET = 14.3;
				MTL_ENABLE_DEBUG_INFO = NO;
				MTL_FAST_MATH = YES;
				SDKROOT = iphoneos;
				SWIFT_COMPILATION_MODE = wholemodule;
				SWIFT_OPTIMIZATION_LEVEL = "-O";
				VALIDATE_PRODUCT = YES;
			};
			name = Release;
		};
		A9788B3F25E4683700795B2C /* Debug */ = {
			isa = XCBuildConfiguration;
			buildSettings = {
				ASSETCATALOG_COMPILER_APPICON_NAME = AppIcon;
				ASSETCATALOG_COMPILER_GLOBAL_ACCENT_COLOR_NAME = AccentColor;
				CODE_SIGN_STYLE = Automatic;
				DEVELOPMENT_TEAM = MZUP32MD3S;
				INFOPLIST_FILE = Flashcards/Info.plist;
				LD_RUNPATH_SEARCH_PATHS = (
					"$(inherited)",
					"@executable_path/Frameworks",
				);
				PRODUCT_BUNDLE_IDENTIFIER = com.Blessing.Flashcards;
				PRODUCT_NAME = "$(TARGET_NAME)";
				SWIFT_VERSION = 5.0;
				TARGETED_DEVICE_FAMILY = "1,2";
			};
			name = Debug;
		};
		A9788B4025E4683700795B2C /* Release */ = {
			isa = XCBuildConfiguration;
			buildSettings = {
				ASSETCATALOG_COMPILER_APPICON_NAME = AppIcon;
				ASSETCATALOG_COMPILER_GLOBAL_ACCENT_COLOR_NAME = AccentColor;
				CODE_SIGN_STYLE = Automatic;
				DEVELOPMENT_TEAM = MZUP32MD3S;
				INFOPLIST_FILE = Flashcards/Info.plist;
				LD_RUNPATH_SEARCH_PATHS = (
					"$(inherited)",
					"@executable_path/Frameworks",
				);
				PRODUCT_BUNDLE_IDENTIFIER = com.Blessing.Flashcards;
				PRODUCT_NAME = "$(TARGET_NAME)";
				SWIFT_VERSION = 5.0;
				TARGETED_DEVICE_FAMILY = "1,2";
			};
			name = Release;
		};
		A9788B4225E4683700795B2C /* Debug */ = {
			isa = XCBuildConfiguration;
			buildSettings = {
				ALWAYS_EMBED_SWIFT_STANDARD_LIBRARIES = YES;
				BUNDLE_LOADER = "$(TEST_HOST)";
				CODE_SIGN_STYLE = Automatic;
				DEVELOPMENT_TEAM = MZUP32MD3S;
				INFOPLIST_FILE = FlashcardsTests/Info.plist;
				IPHONEOS_DEPLOYMENT_TARGET = 14.3;
				LD_RUNPATH_SEARCH_PATHS = (
					"$(inherited)",
					"@executable_path/Frameworks",
					"@loader_path/Frameworks",
				);
				PRODUCT_BUNDLE_IDENTIFIER = com.Blessing.FlashcardsTests;
				PRODUCT_NAME = "$(TARGET_NAME)";
				SWIFT_VERSION = 5.0;
				TARGETED_DEVICE_FAMILY = "1,2";
				TEST_HOST = "$(BUILT_PRODUCTS_DIR)/Flashcards.app/Flashcards";
			};
			name = Debug;
		};
		A9788B4325E4683700795B2C /* Release */ = {
			isa = XCBuildConfiguration;
			buildSettings = {
				ALWAYS_EMBED_SWIFT_STANDARD_LIBRARIES = YES;
				BUNDLE_LOADER = "$(TEST_HOST)";
				CODE_SIGN_STYLE = Automatic;
				DEVELOPMENT_TEAM = MZUP32MD3S;
				INFOPLIST_FILE = FlashcardsTests/Info.plist;
				IPHONEOS_DEPLOYMENT_TARGET = 14.3;
				LD_RUNPATH_SEARCH_PATHS = (
					"$(inherited)",
					"@executable_path/Frameworks",
					"@loader_path/Frameworks",
				);
				PRODUCT_BUNDLE_IDENTIFIER = com.Blessing.FlashcardsTests;
				PRODUCT_NAME = "$(TARGET_NAME)";
				SWIFT_VERSION = 5.0;
				TARGETED_DEVICE_FAMILY = "1,2";
				TEST_HOST = "$(BUILT_PRODUCTS_DIR)/Flashcards.app/Flashcards";
			};
			name = Release;
		};
		A9788B4525E4683700795B2C /* Debug */ = {
			isa = XCBuildConfiguration;
			buildSettings = {
				ALWAYS_EMBED_SWIFT_STANDARD_LIBRARIES = YES;
				CODE_SIGN_STYLE = Automatic;
				DEVELOPMENT_TEAM = MZUP32MD3S;
				INFOPLIST_FILE = FlashcardsUITests/Info.plist;
				LD_RUNPATH_SEARCH_PATHS = (
					"$(inherited)",
					"@executable_path/Frameworks",
					"@loader_path/Frameworks",
				);
				PRODUCT_BUNDLE_IDENTIFIER = com.Blessing.FlashcardsUITests;
				PRODUCT_NAME = "$(TARGET_NAME)";
				SWIFT_VERSION = 5.0;
				TARGETED_DEVICE_FAMILY = "1,2";
				TEST_TARGET_NAME = Flashcards;
			};
			name = Debug;
		};
		A9788B4625E4683700795B2C /* Release */ = {
			isa = XCBuildConfiguration;
			buildSettings = {
				ALWAYS_EMBED_SWIFT_STANDARD_LIBRARIES = YES;
				CODE_SIGN_STYLE = Automatic;
				DEVELOPMENT_TEAM = MZUP32MD3S;
				INFOPLIST_FILE = FlashcardsUITests/Info.plist;
				LD_RUNPATH_SEARCH_PATHS = (
					"$(inherited)",
					"@executable_path/Frameworks",
					"@loader_path/Frameworks",
				);
				PRODUCT_BUNDLE_IDENTIFIER = com.Blessing.FlashcardsUITests;
				PRODUCT_NAME = "$(TARGET_NAME)";
				SWIFT_VERSION = 5.0;
				TARGETED_DEVICE_FAMILY = "1,2";
				TEST_TARGET_NAME = Flashcards;
			};
			name = Release;
		};
/* End XCBuildConfiguration section */

/* Begin XCConfigurationList section */
		A9788B0F25E4683600795B2C /* Build configuration list for PBXProject "Flashcards" */ = {
			isa = XCConfigurationList;
			buildConfigurations = (
				A9788B3C25E4683700795B2C /* Debug */,
				A9788B3D25E4683700795B2C /* Release */,
			);
			defaultConfigurationIsVisible = 0;
			defaultConfigurationName = Release;
		};
		A9788B3E25E4683700795B2C /* Build configuration list for PBXNativeTarget "Flashcards" */ = {
			isa = XCConfigurationList;
			buildConfigurations = (
				A9788B3F25E4683700795B2C /* Debug */,
				A9788B4025E4683700795B2C /* Release */,
			);
			defaultConfigurationIsVisible = 0;
			defaultConfigurationName = Release;
		};
		A9788B4125E4683700795B2C /* Build configuration list for PBXNativeTarget "FlashcardsTests" */ = {
			isa = XCConfigurationList;
			buildConfigurations = (
				A9788B4225E4683700795B2C /* Debug */,
				A9788B4325E4683700795B2C /* Release */,
			);
			defaultConfigurationIsVisible = 0;
			defaultConfigurationName = Release;
		};
		A9788B4425E4683700795B2C /* Build configuration list for PBXNativeTarget "FlashcardsUITests" */ = {
			isa = XCConfigurationList;
			buildConfigurations = (
				A9788B4525E4683700795B2C /* Debug */,
				A9788B4625E4683700795B2C /* Release */,
			);
			defaultConfigurationIsVisible = 0;
			defaultConfigurationName = Release;
		};
/* End XCConfigurationList section */
	};
	rootObject = A9788B0C25E4683600795B2C /* Project object */;
}
